
Microsoft Visual Studio Solution File, Format Version 12.00
# Visual Studio 15
VisualStudioVersion = 15.0.27004.2005
MinimumVisualStudioVersion = 10.0.40219.1
Project("{FAE04EC0-301F-11D3-BF4B-00C04F79EFBC}") = "Figlut.Repeat.Web.Service.TestDriver", "Figlut.Repeat.Server.Web.Service.TestDriver\Figlut.Repeat.Web.Service.TestDriver.csproj", "{60FA100F-F1AB-4EB5-9632-F2D1370998BB}"
EndProject
Project("{FAE04EC0-301F-11D3-BF4B-00C04F79EFBC}") = "Figlut.Repeat.Email", "Figlut.Repeat.Server.Email\Figlut.Repeat.Email.csproj", "{FF111D9A-952F-4821-8963-D06EE452F629}"
EndProject
Project("{FAE04EC0-301F-11D3-BF4B-00C04F79EFBC}") = "Figlut.Repeat.SMS", "Figlut.Repeat.Server.SMS\Figlut.Repeat.SMS.csproj", "{46C82DC4-2E0F-4ABD-9FF3-888E6976DE20}"
EndProject
Project("{FAE04EC0-301F-11D3-BF4B-00C04F79EFBC}") = "Figlut.Repeat.Web.Service", "Figlut.Repeat.Server.Web.Service\Figlut.Repeat.Web.Service.csproj", "{695575AD-35F6-499A-B2A5-B372C5B08209}"
EndProject
Project("{FAE04EC0-301F-11D3-BF4B-00C04F79EFBC}") = "Figlut.Repeat.ORM", "Figlut.Repeat.ORM\Figlut.Repeat.ORM.csproj", "{1E8C9FDB-FC2B-4D4B-80B4-86CB1BF75214}"
EndProject
Project("{FAE04EC0-301F-11D3-BF4B-00C04F79EFBC}") = "Figlut.Repeat.Data", "Figlut.Repeat.Data\Figlut.Repeat.Data.csproj", "{88C47948-F4B3-4912-AC0B-E98A2B6BE147}"
EndProject
Project("{FAE04EC0-301F-11D3-BF4B-00C04F79EFBC}") = "Figlut.Repeat.Web.Site", "Figlut.Repeat.Web.Site\Figlut.Repeat.Web.Site.csproj", "{43C7F345-CC1B-4F40-9025-FD901118A8B1}"
EndProject
Project("{FAE04EC0-301F-11D3-BF4B-00C04F79EFBC}") = "Figlut.Server.Toolkit.45", "..\..\..\Figlut-Suite\source\trunk\Windows\Figlut.Server.Toolkit.45\Figlut.Server.Toolkit.45.csproj", "{A7C9A24D-E19B-42F5-A298-805A489334EF}"
EndProject
Project("{FAE04EC0-301F-11D3-BF4B-00C04F79EFBC}") = "Figlut.Repeat.SMS.Processor", "Figlut.Repeat.SMS.Processor\Figlut.Repeat.SMS.Processor.csproj", "{C04F3302-E4A7-4E1E-98EA-7623845231AF}"
EndProject
Project("{FAE04EC0-301F-11D3-BF4B-00C04F79EFBC}") = "Figlut.Repeat.Receiver.Web.Service", "Figlut.Repeat.Receiver.Web.Service\Figlut.Repeat.Receiver.Web.Service.csproj", "{45BC4B7B-9C16-4766-AEF6-5F77EE3BBB81}"
EndProject
Project("{FAE04EC0-301F-11D3-BF4B-00C04F79EFBC}") = "Figlut.Repeat.ImportSubcribers", "Figlut.Repeat.ImportSubcribers\Figlut.Repeat.ImportSubcribers.csproj", "{B7EE4942-3884-4631-A573-70E400CF17A2}"
EndProject
Project("{FAE04EC0-301F-11D3-BF4B-00C04F79EFBC}") = "Figlut.Repeat.Desktop.Manager", "Figlut.Repeat.Desktop.Manager\Figlut.Repeat.Desktop.Manager.csproj", "{0699BB29-6061-4475-8A5A-1722C07959B1}"
EndProject
Project("{FAE04EC0-301F-11D3-BF4B-00C04F79EFBC}") = "Figlut.Repeat.Desktop.UI.Base", "Figlut.Repeat.Desktop.UI.Base\Figlut.Repeat.Desktop.UI.Base.csproj", "{6C76BCD0-E21D-4908-83DD-54E2ECB14C86}"
EndProject
Project("{2150E333-8FDC-42A3-9474-1A3956D46DE8}") = "Desktop", "Desktop", "{39F70CD4-81F6-4E0C-921D-470A51469447}"
EndProject
Project("{FAE04EC0-301F-11D3-BF4B-00C04F79EFBC}") = "Figlut.Repeat.Desktop.Utilities", "Figlut.Repeat.Desktop.Utilities\Figlut.Repeat.Desktop.Utilities.csproj", "{9FE4C36B-16E5-4C40-B247-CBFE966027EE}"
EndProject
Project("{FAE04EC0-301F-11D3-BF4B-00C04F79EFBC}") = "Figlut.Repeat.Desktop.UI", "Figlut.Repeat.Desktop.UI\Figlut.Repeat.Desktop.UI.csproj", "{A9EEABC3-7D15-45EF-8687-7AE1A00CF541}"
EndProject
Global
	GlobalSection(SolutionConfigurationPlatforms) = preSolution
		CD_ROM|Any CPU = CD_ROM|Any CPU
		Debug|Any CPU = Debug|Any CPU
		DVD-5|Any CPU = DVD-5|Any CPU
		Release|Any CPU = Release|Any CPU
		SingleImage|Any CPU = SingleImage|Any CPU
	EndGlobalSection
	GlobalSection(ProjectConfigurationPlatforms) = postSolution
		{60FA100F-F1AB-4EB5-9632-F2D1370998BB}.CD_ROM|Any CPU.ActiveCfg = Release|Any CPU
		{60FA100F-F1AB-4EB5-9632-F2D1370998BB}.CD_ROM|Any CPU.Build.0 = Release|Any CPU
		{60FA100F-F1AB-4EB5-9632-F2D1370998BB}.Debug|Any CPU.ActiveCfg = Debug|Any CPU
		{60FA100F-F1AB-4EB5-9632-F2D1370998BB}.Debug|Any CPU.Build.0 = Debug|Any CPU
		{60FA100F-F1AB-4EB5-9632-F2D1370998BB}.DVD-5|Any CPU.ActiveCfg = Debug|Any CPU
		{60FA100F-F1AB-4EB5-9632-F2D1370998BB}.DVD-5|Any CPU.Build.0 = Debug|Any CPU
		{60FA100F-F1AB-4EB5-9632-F2D1370998BB}.Release|Any CPU.ActiveCfg = Release|Any CPU
		{60FA100F-F1AB-4EB5-9632-F2D1370998BB}.Release|Any CPU.Build.0 = Release|Any CPU
		{60FA100F-F1AB-4EB5-9632-F2D1370998BB}.SingleImage|Any CPU.ActiveCfg = Release|Any CPU
		{60FA100F-F1AB-4EB5-9632-F2D1370998BB}.SingleImage|Any CPU.Build.0 = Release|Any CPU
		{FF111D9A-952F-4821-8963-D06EE452F629}.CD_ROM|Any CPU.ActiveCfg = Release|Any CPU
		{FF111D9A-952F-4821-8963-D06EE452F629}.CD_ROM|Any CPU.Build.0 = Release|Any CPU
		{FF111D9A-952F-4821-8963-D06EE452F629}.Debug|Any CPU.ActiveCfg = Debug|Any CPU
		{FF111D9A-952F-4821-8963-D06EE452F629}.Debug|Any CPU.Build.0 = Debug|Any CPU
		{FF111D9A-952F-4821-8963-D06EE452F629}.DVD-5|Any CPU.ActiveCfg = Debug|Any CPU
		{FF111D9A-952F-4821-8963-D06EE452F629}.DVD-5|Any CPU.Build.0 = Debug|Any CPU
		{FF111D9A-952F-4821-8963-D06EE452F629}.Release|Any CPU.ActiveCfg = Release|Any CPU
		{FF111D9A-952F-4821-8963-D06EE452F629}.Release|Any CPU.Build.0 = Release|Any CPU
		{FF111D9A-952F-4821-8963-D06EE452F629}.SingleImage|Any CPU.ActiveCfg = Release|Any CPU
		{FF111D9A-952F-4821-8963-D06EE452F629}.SingleImage|Any CPU.Build.0 = Release|Any CPU
		{46C82DC4-2E0F-4ABD-9FF3-888E6976DE20}.CD_ROM|Any CPU.ActiveCfg = Release|Any CPU
		{46C82DC4-2E0F-4ABD-9FF3-888E6976DE20}.CD_ROM|Any CPU.Build.0 = Release|Any CPU
		{46C82DC4-2E0F-4ABD-9FF3-888E6976DE20}.Debug|Any CPU.ActiveCfg = Debug|Any CPU
		{46C82DC4-2E0F-4ABD-9FF3-888E6976DE20}.Debug|Any CPU.Build.0 = Debug|Any CPU
		{46C82DC4-2E0F-4ABD-9FF3-888E6976DE20}.DVD-5|Any CPU.ActiveCfg = Debug|Any CPU
		{46C82DC4-2E0F-4ABD-9FF3-888E6976DE20}.DVD-5|Any CPU.Build.0 = Debug|Any CPU
		{46C82DC4-2E0F-4ABD-9FF3-888E6976DE20}.Release|Any CPU.ActiveCfg = Release|Any CPU
		{46C82DC4-2E0F-4ABD-9FF3-888E6976DE20}.Release|Any CPU.Build.0 = Release|Any CPU
		{46C82DC4-2E0F-4ABD-9FF3-888E6976DE20}.SingleImage|Any CPU.ActiveCfg = Release|Any CPU
		{46C82DC4-2E0F-4ABD-9FF3-888E6976DE20}.SingleImage|Any CPU.Build.0 = Release|Any CPU
		{695575AD-35F6-499A-B2A5-B372C5B08209}.CD_ROM|Any CPU.ActiveCfg = Release|Any CPU
		{695575AD-35F6-499A-B2A5-B372C5B08209}.CD_ROM|Any CPU.Build.0 = Release|Any CPU
		{695575AD-35F6-499A-B2A5-B372C5B08209}.Debug|Any CPU.ActiveCfg = Debug|Any CPU
		{695575AD-35F6-499A-B2A5-B372C5B08209}.Debug|Any CPU.Build.0 = Debug|Any CPU
		{695575AD-35F6-499A-B2A5-B372C5B08209}.DVD-5|Any CPU.ActiveCfg = Debug|Any CPU
		{695575AD-35F6-499A-B2A5-B372C5B08209}.DVD-5|Any CPU.Build.0 = Debug|Any CPU
		{695575AD-35F6-499A-B2A5-B372C5B08209}.Release|Any CPU.ActiveCfg = Release|Any CPU
		{695575AD-35F6-499A-B2A5-B372C5B08209}.Release|Any CPU.Build.0 = Release|Any CPU
		{695575AD-35F6-499A-B2A5-B372C5B08209}.SingleImage|Any CPU.ActiveCfg = Release|Any CPU
		{695575AD-35F6-499A-B2A5-B372C5B08209}.SingleImage|Any CPU.Build.0 = Release|Any CPU
		{1E8C9FDB-FC2B-4D4B-80B4-86CB1BF75214}.CD_ROM|Any CPU.ActiveCfg = Release|Any CPU
		{1E8C9FDB-FC2B-4D4B-80B4-86CB1BF75214}.CD_ROM|Any CPU.Build.0 = Release|Any CPU
		{1E8C9FDB-FC2B-4D4B-80B4-86CB1BF75214}.Debug|Any CPU.ActiveCfg = Debug|Any CPU
		{1E8C9FDB-FC2B-4D4B-80B4-86CB1BF75214}.Debug|Any CPU.Build.0 = Debug|Any CPU
		{1E8C9FDB-FC2B-4D4B-80B4-86CB1BF75214}.DVD-5|Any CPU.ActiveCfg = Debug|Any CPU
		{1E8C9FDB-FC2B-4D4B-80B4-86CB1BF75214}.DVD-5|Any CPU.Build.0 = Debug|Any CPU
		{1E8C9FDB-FC2B-4D4B-80B4-86CB1BF75214}.Release|Any CPU.ActiveCfg = Release|Any CPU
		{1E8C9FDB-FC2B-4D4B-80B4-86CB1BF75214}.Release|Any CPU.Build.0 = Release|Any CPU
		{1E8C9FDB-FC2B-4D4B-80B4-86CB1BF75214}.SingleImage|Any CPU.ActiveCfg = Release|Any CPU
		{1E8C9FDB-FC2B-4D4B-80B4-86CB1BF75214}.SingleImage|Any CPU.Build.0 = Release|Any CPU
		{88C47948-F4B3-4912-AC0B-E98A2B6BE147}.CD_ROM|Any CPU.ActiveCfg = Release|Any CPU
		{88C47948-F4B3-4912-AC0B-E98A2B6BE147}.CD_ROM|Any CPU.Build.0 = Release|Any CPU
		{88C47948-F4B3-4912-AC0B-E98A2B6BE147}.Debug|Any CPU.ActiveCfg = Debug|Any CPU
		{88C47948-F4B3-4912-AC0B-E98A2B6BE147}.Debug|Any CPU.Build.0 = Debug|Any CPU
		{88C47948-F4B3-4912-AC0B-E98A2B6BE147}.DVD-5|Any CPU.ActiveCfg = Debug|Any CPU
		{88C47948-F4B3-4912-AC0B-E98A2B6BE147}.DVD-5|Any CPU.Build.0 = Debug|Any CPU
		{88C47948-F4B3-4912-AC0B-E98A2B6BE147}.Release|Any CPU.ActiveCfg = Release|Any CPU
		{88C47948-F4B3-4912-AC0B-E98A2B6BE147}.Release|Any CPU.Build.0 = Release|Any CPU
		{88C47948-F4B3-4912-AC0B-E98A2B6BE147}.SingleImage|Any CPU.ActiveCfg = Release|Any CPU
		{88C47948-F4B3-4912-AC0B-E98A2B6BE147}.SingleImage|Any CPU.Build.0 = Release|Any CPU
		{43C7F345-CC1B-4F40-9025-FD901118A8B1}.CD_ROM|Any CPU.ActiveCfg = Release|Any CPU
		{43C7F345-CC1B-4F40-9025-FD901118A8B1}.CD_ROM|Any CPU.Build.0 = Release|Any CPU
		{43C7F345-CC1B-4F40-9025-FD901118A8B1}.Debug|Any CPU.ActiveCfg = Debug|Any CPU
		{43C7F345-CC1B-4F40-9025-FD901118A8B1}.Debug|Any CPU.Build.0 = Debug|Any CPU
		{43C7F345-CC1B-4F40-9025-FD901118A8B1}.DVD-5|Any CPU.ActiveCfg = Debug|Any CPU
		{43C7F345-CC1B-4F40-9025-FD901118A8B1}.DVD-5|Any CPU.Build.0 = Debug|Any CPU
		{43C7F345-CC1B-4F40-9025-FD901118A8B1}.Release|Any CPU.ActiveCfg = Release|Any CPU
		{43C7F345-CC1B-4F40-9025-FD901118A8B1}.Release|Any CPU.Build.0 = Release|Any CPU
		{43C7F345-CC1B-4F40-9025-FD901118A8B1}.SingleImage|Any CPU.ActiveCfg = Release|Any CPU
		{43C7F345-CC1B-4F40-9025-FD901118A8B1}.SingleImage|Any CPU.Build.0 = Release|Any CPU
		{A7C9A24D-E19B-42F5-A298-805A489334EF}.CD_ROM|Any CPU.ActiveCfg = Release|Any CPU
		{A7C9A24D-E19B-42F5-A298-805A489334EF}.CD_ROM|Any CPU.Build.0 = Release|Any CPU
		{A7C9A24D-E19B-42F5-A298-805A489334EF}.Debug|Any CPU.ActiveCfg = Debug|Any CPU
		{A7C9A24D-E19B-42F5-A298-805A489334EF}.Debug|Any CPU.Build.0 = Debug|Any CPU
		{A7C9A24D-E19B-42F5-A298-805A489334EF}.DVD-5|Any CPU.ActiveCfg = Debug|Any CPU
		{A7C9A24D-E19B-42F5-A298-805A489334EF}.DVD-5|Any CPU.Build.0 = Debug|Any CPU
		{A7C9A24D-E19B-42F5-A298-805A489334EF}.Release|Any CPU.ActiveCfg = Release|Any CPU
		{A7C9A24D-E19B-42F5-A298-805A489334EF}.Release|Any CPU.Build.0 = Release|Any CPU
		{A7C9A24D-E19B-42F5-A298-805A489334EF}.SingleImage|Any CPU.ActiveCfg = Release|Any CPU
		{A7C9A24D-E19B-42F5-A298-805A489334EF}.SingleImage|Any CPU.Build.0 = Release|Any CPU
		{C04F3302-E4A7-4E1E-98EA-7623845231AF}.CD_ROM|Any CPU.ActiveCfg = Release|Any CPU
		{C04F3302-E4A7-4E1E-98EA-7623845231AF}.CD_ROM|Any CPU.Build.0 = Release|Any CPU
		{C04F3302-E4A7-4E1E-98EA-7623845231AF}.Debug|Any CPU.ActiveCfg = Debug|Any CPU
		{C04F3302-E4A7-4E1E-98EA-7623845231AF}.Debug|Any CPU.Build.0 = Debug|Any CPU
		{C04F3302-E4A7-4E1E-98EA-7623845231AF}.DVD-5|Any CPU.ActiveCfg = Debug|Any CPU
		{C04F3302-E4A7-4E1E-98EA-7623845231AF}.DVD-5|Any CPU.Build.0 = Debug|Any CPU
		{C04F3302-E4A7-4E1E-98EA-7623845231AF}.Release|Any CPU.ActiveCfg = Release|Any CPU
		{C04F3302-E4A7-4E1E-98EA-7623845231AF}.Release|Any CPU.Build.0 = Release|Any CPU
		{C04F3302-E4A7-4E1E-98EA-7623845231AF}.SingleImage|Any CPU.ActiveCfg = Release|Any CPU
		{C04F3302-E4A7-4E1E-98EA-7623845231AF}.SingleImage|Any CPU.Build.0 = Release|Any CPU
		{45BC4B7B-9C16-4766-AEF6-5F77EE3BBB81}.CD_ROM|Any CPU.ActiveCfg = Release|Any CPU
		{45BC4B7B-9C16-4766-AEF6-5F77EE3BBB81}.CD_ROM|Any CPU.Build.0 = Release|Any CPU
		{45BC4B7B-9C16-4766-AEF6-5F77EE3BBB81}.Debug|Any CPU.ActiveCfg = Debug|Any CPU
		{45BC4B7B-9C16-4766-AEF6-5F77EE3BBB81}.Debug|Any CPU.Build.0 = Debug|Any CPU
		{45BC4B7B-9C16-4766-AEF6-5F77EE3BBB81}.DVD-5|Any CPU.ActiveCfg = Debug|Any CPU
		{45BC4B7B-9C16-4766-AEF6-5F77EE3BBB81}.DVD-5|Any CPU.Build.0 = Debug|Any CPU
		{45BC4B7B-9C16-4766-AEF6-5F77EE3BBB81}.Release|Any CPU.ActiveCfg = Release|Any CPU
		{45BC4B7B-9C16-4766-AEF6-5F77EE3BBB81}.Release|Any CPU.Build.0 = Release|Any CPU
		{45BC4B7B-9C16-4766-AEF6-5F77EE3BBB81}.SingleImage|Any CPU.ActiveCfg = Release|Any CPU
		{45BC4B7B-9C16-4766-AEF6-5F77EE3BBB81}.SingleImage|Any CPU.Build.0 = Release|Any CPU
		{B7EE4942-3884-4631-A573-70E400CF17A2}.CD_ROM|Any CPU.ActiveCfg = Release|Any CPU
		{B7EE4942-3884-4631-A573-70E400CF17A2}.CD_ROM|Any CPU.Build.0 = Release|Any CPU
		{B7EE4942-3884-4631-A573-70E400CF17A2}.Debug|Any CPU.ActiveCfg = Debug|Any CPU
		{B7EE4942-3884-4631-A573-70E400CF17A2}.Debug|Any CPU.Build.0 = Debug|Any CPU
		{B7EE4942-3884-4631-A573-70E400CF17A2}.DVD-5|Any CPU.ActiveCfg = Debug|Any CPU
		{B7EE4942-3884-4631-A573-70E400CF17A2}.DVD-5|Any CPU.Build.0 = Debug|Any CPU
		{B7EE4942-3884-4631-A573-70E400CF17A2}.Release|Any CPU.ActiveCfg = Release|Any CPU
		{B7EE4942-3884-4631-A573-70E400CF17A2}.Release|Any CPU.Build.0 = Release|Any CPU
		{B7EE4942-3884-4631-A573-70E400CF17A2}.SingleImage|Any CPU.ActiveCfg = Release|Any CPU
		{B7EE4942-3884-4631-A573-70E400CF17A2}.SingleImage|Any CPU.Build.0 = Release|Any CPU
		{0699BB29-6061-4475-8A5A-1722C07959B1}.CD_ROM|Any CPU.ActiveCfg = Release|Any CPU
		{0699BB29-6061-4475-8A5A-1722C07959B1}.CD_ROM|Any CPU.Build.0 = Release|Any CPU
		{0699BB29-6061-4475-8A5A-1722C07959B1}.Debug|Any CPU.ActiveCfg = Debug|Any CPU
		{0699BB29-6061-4475-8A5A-1722C07959B1}.Debug|Any CPU.Build.0 = Debug|Any CPU
		{0699BB29-6061-4475-8A5A-1722C07959B1}.DVD-5|Any CPU.ActiveCfg = Debug|Any CPU
		{0699BB29-6061-4475-8A5A-1722C07959B1}.DVD-5|Any CPU.Build.0 = Debug|Any CPU
		{0699BB29-6061-4475-8A5A-1722C07959B1}.Release|Any CPU.ActiveCfg = Release|Any CPU
		{0699BB29-6061-4475-8A5A-1722C07959B1}.Release|Any CPU.Build.0 = Release|Any CPU
		{0699BB29-6061-4475-8A5A-1722C07959B1}.SingleImage|Any CPU.ActiveCfg = Release|Any CPU
		{0699BB29-6061-4475-8A5A-1722C07959B1}.SingleImage|Any CPU.Build.0 = Release|Any CPU
		{6C76BCD0-E21D-4908-83DD-54E2ECB14C86}.CD_ROM|Any CPU.ActiveCfg = Release|Any CPU
		{6C76BCD0-E21D-4908-83DD-54E2ECB14C86}.CD_ROM|Any CPU.Build.0 = Release|Any CPU
		{6C76BCD0-E21D-4908-83DD-54E2ECB14C86}.Debug|Any CPU.ActiveCfg = Debug|Any CPU
		{6C76BCD0-E21D-4908-83DD-54E2ECB14C86}.Debug|Any CPU.Build.0 = Debug|Any CPU
		{6C76BCD0-E21D-4908-83DD-54E2ECB14C86}.DVD-5|Any CPU.ActiveCfg = Debug|Any CPU
		{6C76BCD0-E21D-4908-83DD-54E2ECB14C86}.DVD-5|Any CPU.Build.0 = Debug|Any CPU
		{6C76BCD0-E21D-4908-83DD-54E2ECB14C86}.Release|Any CPU.ActiveCfg = Release|Any CPU
		{6C76BCD0-E21D-4908-83DD-54E2ECB14C86}.Release|Any CPU.Build.0 = Release|Any CPU
		{6C76BCD0-E21D-4908-83DD-54E2ECB14C86}.SingleImage|Any CPU.ActiveCfg = Release|Any CPU
		{6C76BCD0-E21D-4908-83DD-54E2ECB14C86}.SingleImage|Any CPU.Build.0 = Release|Any CPU
		{9FE4C36B-16E5-4C40-B247-CBFE966027EE}.CD_ROM|Any CPU.ActiveCfg = Release|Any CPU
		{9FE4C36B-16E5-4C40-B247-CBFE966027EE}.CD_ROM|Any CPU.Build.0 = Release|Any CPU
		{9FE4C36B-16E5-4C40-B247-CBFE966027EE}.Debug|Any CPU.ActiveCfg = Debug|Any CPU
		{9FE4C36B-16E5-4C40-B247-CBFE966027EE}.Debug|Any CPU.Build.0 = Debug|Any CPU
		{9FE4C36B-16E5-4C40-B247-CBFE966027EE}.DVD-5|Any CPU.ActiveCfg = Debug|Any CPU
		{9FE4C36B-16E5-4C40-B247-CBFE966027EE}.DVD-5|Any CPU.Build.0 = Debug|Any CPU
		{9FE4C36B-16E5-4C40-B247-CBFE966027EE}.Release|Any CPU.ActiveCfg = Release|Any CPU
		{9FE4C36B-16E5-4C40-B247-CBFE966027EE}.Release|Any CPU.Build.0 = Release|Any CPU
		{9FE4C36B-16E5-4C40-B247-CBFE966027EE}.SingleImage|Any CPU.ActiveCfg = Release|Any CPU
		{9FE4C36B-16E5-4C40-B247-CBFE966027EE}.SingleImage|Any CPU.Build.0 = Release|Any CPU
		{A9EEABC3-7D15-45EF-8687-7AE1A00CF541}.CD_ROM|Any CPU.ActiveCfg = Release|Any CPU
		{A9EEABC3-7D15-45EF-8687-7AE1A00CF541}.CD_ROM|Any CPU.Build.0 = Release|Any CPU
		{A9EEABC3-7D15-45EF-8687-7AE1A00CF541}.Debug|Any CPU.ActiveCfg = Debug|Any CPU
		{A9EEABC3-7D15-45EF-8687-7AE1A00CF541}.Debug|Any CPU.Build.0 = Debug|Any CPU
		{A9EEABC3-7D15-45EF-8687-7AE1A00CF541}.DVD-5|Any CPU.ActiveCfg = Debug|Any CPU
		{A9EEABC3-7D15-45EF-8687-7AE1A00CF541}.DVD-5|Any CPU.Build.0 = Debug|Any CPU
		{A9EEABC3-7D15-45EF-8687-7AE1A00CF541}.Release|Any CPU.ActiveCfg = Release|Any CPU
		{A9EEABC3-7D15-45EF-8687-7AE1A00CF541}.Release|Any CPU.Build.0 = Release|Any CPU
		{A9EEABC3-7D15-45EF-8687-7AE1A00CF541}.SingleImage|Any CPU.ActiveCfg = Release|Any CPU
		{A9EEABC3-7D15-45EF-8687-7AE1A00CF541}.SingleImage|Any CPU.Build.0 = Release|Any CPU
	EndGlobalSection
	GlobalSection(SolutionProperties) = preSolution
		HideSolutionNode = FALSE
	EndGlobalSection
	GlobalSection(NestedProjects) = preSolution
		{0699BB29-6061-4475-8A5A-1722C07959B1} = {39F70CD4-81F6-4E0C-921D-470A51469447}
		{6C76BCD0-E21D-4908-83DD-54E2ECB14C86} = {39F70CD4-81F6-4E0C-921D-470A51469447}
		{9FE4C36B-16E5-4C40-B247-CBFE966027EE} = {39F70CD4-81F6-4E0C-921D-470A51469447}
		{A9EEABC3-7D15-45EF-8687-7AE1A00CF541} = {39F70CD4-81F6-4E0C-921D-470A51469447}
	EndGlobalSection
	GlobalSection(ExtensibilityGlobals) = postSolution
		SolutionGuid = {E0E65EA3-FF0A-4902-921E-C65A83A4F23D}
	EndGlobalSection
EndGlobal
