
Microsoft Visual Studio Solution File, Format Version 12.00
# Visual Studio 2012
Project("{FAE04EC0-301F-11D3-BF4B-00C04F79EFBC}") = "Figlut.Spread.Web.Service.TestDriver", "Figlut.Spread.Server.Web.Service.TestDriver\Figlut.Spread.Web.Service.TestDriver.csproj", "{60FA100F-F1AB-4EB5-9632-F2D1370998BB}"
EndProject
Project("{FAE04EC0-301F-11D3-BF4B-00C04F79EFBC}") = "Figlut.Spread.Email", "Figlut.Spread.Server.Email\Figlut.Spread.Email.csproj", "{FF111D9A-952F-4821-8963-D06EE452F629}"
EndProject
Project("{FAE04EC0-301F-11D3-BF4B-00C04F79EFBC}") = "Figlut.Spread.SMS", "Figlut.Spread.Server.SMS\Figlut.Spread.SMS.csproj", "{46C82DC4-2E0F-4ABD-9FF3-888E6976DE20}"
EndProject
Project("{FAE04EC0-301F-11D3-BF4B-00C04F79EFBC}") = "Figlut.Spread.Web.Service", "Figlut.Spread.Server.Web.Service\Figlut.Spread.Web.Service.csproj", "{695575AD-35F6-499A-B2A5-B372C5B08209}"
EndProject
Project("{FAE04EC0-301F-11D3-BF4B-00C04F79EFBC}") = "Figlut.Spread.ORM", "Figlut.Spread.ORM\Figlut.Spread.ORM.csproj", "{1E8C9FDB-FC2B-4D4B-80B4-86CB1BF75214}"
EndProject
Project("{FAE04EC0-301F-11D3-BF4B-00C04F79EFBC}") = "Figlut.Spread.Data", "Figlut.Spread.Data\Figlut.Spread.Data.csproj", "{88C47948-F4B3-4912-AC0B-E98A2B6BE147}"
EndProject
Project("{6141683F-8A12-4E36-9623-2EB02B2C2303}") = "Figlut.Spread.Web.Service.Setup", "Figlut.Spread.Web.Service.Setup\Figlut.Spread.Web.Service.Setup.isproj", "{0258DB7E-D3F6-4C12-82E7-D7CE847B21E3}"
	ProjectSection(ProjectDependencies) = postProject
		{695575AD-35F6-499A-B2A5-B372C5B08209} = {695575AD-35F6-499A-B2A5-B372C5B08209}
	EndProjectSection
EndProject
Project("{FAE04EC0-301F-11D3-BF4B-00C04F79EFBC}") = "Figlut.Spread.Web.Site", "Figlut.Spread.Web.Site\Figlut.Spread.Web.Site.csproj", "{43C7F345-CC1B-4F40-9025-FD901118A8B1}"
EndProject
Project("{FAE04EC0-301F-11D3-BF4B-00C04F79EFBC}") = "Figlut.Server.Toolkit.45", "..\..\..\FiglutSuiteRepo\source\trunk\Windows\Figlut.Server.Toolkit.45\Figlut.Server.Toolkit.45.csproj", "{A7C9A24D-E19B-42F5-A298-805A489334EF}"
EndProject
Project("{FAE04EC0-301F-11D3-BF4B-00C04F79EFBC}") = "Figlut.Spread.SMS.Processor", "Figlut.Spread.SMS.Processor\Figlut.Spread.SMS.Processor.csproj", "{C04F3302-E4A7-4E1E-98EA-7623845231AF}"
EndProject
Project("{FAE04EC0-301F-11D3-BF4B-00C04F79EFBC}") = "Figlut.Spread.Receiver.Web.Service", "Figlut.Spread.Receiver.Web.Service\Figlut.Spread.Receiver.Web.Service.csproj", "{45BC4B7B-9C16-4766-AEF6-5F77EE3BBB81}"
EndProject
Project("{6141683F-8A12-4E36-9623-2EB02B2C2303}") = "Figlut.Spread.Receiver.Web.Service.Setup", "Figlut.Spread.Receiver.Web.Service.Setup\Figlut.Spread.Receiver.Web.Service.Setup.isproj", "{5764320D-6E13-4BFB-96B5-B76980165E1F}"
	ProjectSection(ProjectDependencies) = postProject
		{45BC4B7B-9C16-4766-AEF6-5F77EE3BBB81} = {45BC4B7B-9C16-4766-AEF6-5F77EE3BBB81}
	EndProjectSection
EndProject
Project("{FAE04EC0-301F-11D3-BF4B-00C04F79EFBC}") = "Figlut.Spread.ImportSubcribers", "Figlut.Spread.ImportSubcribers\Figlut.Spread.ImportSubcribers.csproj", "{B7EE4942-3884-4631-A573-70E400CF17A2}"
EndProject
Global
	GlobalSection(SolutionConfigurationPlatforms) = preSolution
		CD_ROM|Any CPU = CD_ROM|Any CPU
		Debug|Any CPU = Debug|Any CPU
		DVD-5|Any CPU = DVD-5|Any CPU
		Release|Any CPU = Release|Any CPU
		SingleImage|Any CPU = SingleImage|Any CPU
	EndGlobalSection
	GlobalSection(ProjectConfigurationPlatforms) = postSolution
		{60FA100F-F1AB-4EB5-9632-F2D1370998BB}.CD_ROM|Any CPU.ActiveCfg = Release|Any CPU
		{60FA100F-F1AB-4EB5-9632-F2D1370998BB}.CD_ROM|Any CPU.Build.0 = Release|Any CPU
		{60FA100F-F1AB-4EB5-9632-F2D1370998BB}.Debug|Any CPU.ActiveCfg = Debug|Any CPU
		{60FA100F-F1AB-4EB5-9632-F2D1370998BB}.Debug|Any CPU.Build.0 = Debug|Any CPU
		{60FA100F-F1AB-4EB5-9632-F2D1370998BB}.DVD-5|Any CPU.ActiveCfg = Debug|Any CPU
		{60FA100F-F1AB-4EB5-9632-F2D1370998BB}.DVD-5|Any CPU.Build.0 = Debug|Any CPU
		{60FA100F-F1AB-4EB5-9632-F2D1370998BB}.Release|Any CPU.ActiveCfg = Release|Any CPU
		{60FA100F-F1AB-4EB5-9632-F2D1370998BB}.Release|Any CPU.Build.0 = Release|Any CPU
		{60FA100F-F1AB-4EB5-9632-F2D1370998BB}.SingleImage|Any CPU.ActiveCfg = Release|Any CPU
		{60FA100F-F1AB-4EB5-9632-F2D1370998BB}.SingleImage|Any CPU.Build.0 = Release|Any CPU
		{FF111D9A-952F-4821-8963-D06EE452F629}.CD_ROM|Any CPU.ActiveCfg = Release|Any CPU
		{FF111D9A-952F-4821-8963-D06EE452F629}.CD_ROM|Any CPU.Build.0 = Release|Any CPU
		{FF111D9A-952F-4821-8963-D06EE452F629}.Debug|Any CPU.ActiveCfg = Debug|Any CPU
		{FF111D9A-952F-4821-8963-D06EE452F629}.Debug|Any CPU.Build.0 = Debug|Any CPU
		{FF111D9A-952F-4821-8963-D06EE452F629}.DVD-5|Any CPU.ActiveCfg = Debug|Any CPU
		{FF111D9A-952F-4821-8963-D06EE452F629}.DVD-5|Any CPU.Build.0 = Debug|Any CPU
		{FF111D9A-952F-4821-8963-D06EE452F629}.Release|Any CPU.ActiveCfg = Release|Any CPU
		{FF111D9A-952F-4821-8963-D06EE452F629}.Release|Any CPU.Build.0 = Release|Any CPU
		{FF111D9A-952F-4821-8963-D06EE452F629}.SingleImage|Any CPU.ActiveCfg = Release|Any CPU
		{FF111D9A-952F-4821-8963-D06EE452F629}.SingleImage|Any CPU.Build.0 = Release|Any CPU
		{46C82DC4-2E0F-4ABD-9FF3-888E6976DE20}.CD_ROM|Any CPU.ActiveCfg = Release|Any CPU
		{46C82DC4-2E0F-4ABD-9FF3-888E6976DE20}.CD_ROM|Any CPU.Build.0 = Release|Any CPU
		{46C82DC4-2E0F-4ABD-9FF3-888E6976DE20}.Debug|Any CPU.ActiveCfg = Debug|Any CPU
		{46C82DC4-2E0F-4ABD-9FF3-888E6976DE20}.Debug|Any CPU.Build.0 = Debug|Any CPU
		{46C82DC4-2E0F-4ABD-9FF3-888E6976DE20}.DVD-5|Any CPU.ActiveCfg = Debug|Any CPU
		{46C82DC4-2E0F-4ABD-9FF3-888E6976DE20}.DVD-5|Any CPU.Build.0 = Debug|Any CPU
		{46C82DC4-2E0F-4ABD-9FF3-888E6976DE20}.Release|Any CPU.ActiveCfg = Release|Any CPU
		{46C82DC4-2E0F-4ABD-9FF3-888E6976DE20}.Release|Any CPU.Build.0 = Release|Any CPU
		{46C82DC4-2E0F-4ABD-9FF3-888E6976DE20}.SingleImage|Any CPU.ActiveCfg = Release|Any CPU
		{46C82DC4-2E0F-4ABD-9FF3-888E6976DE20}.SingleImage|Any CPU.Build.0 = Release|Any CPU
		{695575AD-35F6-499A-B2A5-B372C5B08209}.CD_ROM|Any CPU.ActiveCfg = Release|Any CPU
		{695575AD-35F6-499A-B2A5-B372C5B08209}.CD_ROM|Any CPU.Build.0 = Release|Any CPU
		{695575AD-35F6-499A-B2A5-B372C5B08209}.Debug|Any CPU.ActiveCfg = Debug|Any CPU
		{695575AD-35F6-499A-B2A5-B372C5B08209}.Debug|Any CPU.Build.0 = Debug|Any CPU
		{695575AD-35F6-499A-B2A5-B372C5B08209}.DVD-5|Any CPU.ActiveCfg = Debug|Any CPU
		{695575AD-35F6-499A-B2A5-B372C5B08209}.DVD-5|Any CPU.Build.0 = Debug|Any CPU
		{695575AD-35F6-499A-B2A5-B372C5B08209}.Release|Any CPU.ActiveCfg = Release|Any CPU
		{695575AD-35F6-499A-B2A5-B372C5B08209}.Release|Any CPU.Build.0 = Release|Any CPU
		{695575AD-35F6-499A-B2A5-B372C5B08209}.SingleImage|Any CPU.ActiveCfg = Release|Any CPU
		{695575AD-35F6-499A-B2A5-B372C5B08209}.SingleImage|Any CPU.Build.0 = Release|Any CPU
		{1E8C9FDB-FC2B-4D4B-80B4-86CB1BF75214}.CD_ROM|Any CPU.ActiveCfg = Release|Any CPU
		{1E8C9FDB-FC2B-4D4B-80B4-86CB1BF75214}.CD_ROM|Any CPU.Build.0 = Release|Any CPU
		{1E8C9FDB-FC2B-4D4B-80B4-86CB1BF75214}.Debug|Any CPU.ActiveCfg = Debug|Any CPU
		{1E8C9FDB-FC2B-4D4B-80B4-86CB1BF75214}.Debug|Any CPU.Build.0 = Debug|Any CPU
		{1E8C9FDB-FC2B-4D4B-80B4-86CB1BF75214}.DVD-5|Any CPU.ActiveCfg = Debug|Any CPU
		{1E8C9FDB-FC2B-4D4B-80B4-86CB1BF75214}.DVD-5|Any CPU.Build.0 = Debug|Any CPU
		{1E8C9FDB-FC2B-4D4B-80B4-86CB1BF75214}.Release|Any CPU.ActiveCfg = Release|Any CPU
		{1E8C9FDB-FC2B-4D4B-80B4-86CB1BF75214}.Release|Any CPU.Build.0 = Release|Any CPU
		{1E8C9FDB-FC2B-4D4B-80B4-86CB1BF75214}.SingleImage|Any CPU.ActiveCfg = Release|Any CPU
		{1E8C9FDB-FC2B-4D4B-80B4-86CB1BF75214}.SingleImage|Any CPU.Build.0 = Release|Any CPU
		{88C47948-F4B3-4912-AC0B-E98A2B6BE147}.CD_ROM|Any CPU.ActiveCfg = Release|Any CPU
		{88C47948-F4B3-4912-AC0B-E98A2B6BE147}.CD_ROM|Any CPU.Build.0 = Release|Any CPU
		{88C47948-F4B3-4912-AC0B-E98A2B6BE147}.Debug|Any CPU.ActiveCfg = Debug|Any CPU
		{88C47948-F4B3-4912-AC0B-E98A2B6BE147}.Debug|Any CPU.Build.0 = Debug|Any CPU
		{88C47948-F4B3-4912-AC0B-E98A2B6BE147}.DVD-5|Any CPU.ActiveCfg = Debug|Any CPU
		{88C47948-F4B3-4912-AC0B-E98A2B6BE147}.DVD-5|Any CPU.Build.0 = Debug|Any CPU
		{88C47948-F4B3-4912-AC0B-E98A2B6BE147}.Release|Any CPU.ActiveCfg = Release|Any CPU
		{88C47948-F4B3-4912-AC0B-E98A2B6BE147}.Release|Any CPU.Build.0 = Release|Any CPU
		{88C47948-F4B3-4912-AC0B-E98A2B6BE147}.SingleImage|Any CPU.ActiveCfg = Release|Any CPU
		{88C47948-F4B3-4912-AC0B-E98A2B6BE147}.SingleImage|Any CPU.Build.0 = Release|Any CPU
		{0258DB7E-D3F6-4C12-82E7-D7CE847B21E3}.CD_ROM|Any CPU.ActiveCfg = CD_ROM
		{0258DB7E-D3F6-4C12-82E7-D7CE847B21E3}.CD_ROM|Any CPU.Build.0 = CD_ROM
		{0258DB7E-D3F6-4C12-82E7-D7CE847B21E3}.Debug|Any CPU.ActiveCfg = SingleImage
		{0258DB7E-D3F6-4C12-82E7-D7CE847B21E3}.DVD-5|Any CPU.ActiveCfg = DVD-5
		{0258DB7E-D3F6-4C12-82E7-D7CE847B21E3}.DVD-5|Any CPU.Build.0 = DVD-5
		{0258DB7E-D3F6-4C12-82E7-D7CE847B21E3}.Release|Any CPU.ActiveCfg = SingleImage
		{0258DB7E-D3F6-4C12-82E7-D7CE847B21E3}.Release|Any CPU.Build.0 = SingleImage
		{0258DB7E-D3F6-4C12-82E7-D7CE847B21E3}.SingleImage|Any CPU.ActiveCfg = SingleImage
		{0258DB7E-D3F6-4C12-82E7-D7CE847B21E3}.SingleImage|Any CPU.Build.0 = SingleImage
		{43C7F345-CC1B-4F40-9025-FD901118A8B1}.CD_ROM|Any CPU.ActiveCfg = Release|Any CPU
		{43C7F345-CC1B-4F40-9025-FD901118A8B1}.CD_ROM|Any CPU.Build.0 = Release|Any CPU
		{43C7F345-CC1B-4F40-9025-FD901118A8B1}.Debug|Any CPU.ActiveCfg = Debug|Any CPU
		{43C7F345-CC1B-4F40-9025-FD901118A8B1}.Debug|Any CPU.Build.0 = Debug|Any CPU
		{43C7F345-CC1B-4F40-9025-FD901118A8B1}.DVD-5|Any CPU.ActiveCfg = Debug|Any CPU
		{43C7F345-CC1B-4F40-9025-FD901118A8B1}.DVD-5|Any CPU.Build.0 = Debug|Any CPU
		{43C7F345-CC1B-4F40-9025-FD901118A8B1}.Release|Any CPU.ActiveCfg = Release|Any CPU
		{43C7F345-CC1B-4F40-9025-FD901118A8B1}.Release|Any CPU.Build.0 = Release|Any CPU
		{43C7F345-CC1B-4F40-9025-FD901118A8B1}.SingleImage|Any CPU.ActiveCfg = Release|Any CPU
		{43C7F345-CC1B-4F40-9025-FD901118A8B1}.SingleImage|Any CPU.Build.0 = Release|Any CPU
		{A7C9A24D-E19B-42F5-A298-805A489334EF}.CD_ROM|Any CPU.ActiveCfg = Release|Any CPU
		{A7C9A24D-E19B-42F5-A298-805A489334EF}.CD_ROM|Any CPU.Build.0 = Release|Any CPU
		{A7C9A24D-E19B-42F5-A298-805A489334EF}.Debug|Any CPU.ActiveCfg = Debug|Any CPU
		{A7C9A24D-E19B-42F5-A298-805A489334EF}.Debug|Any CPU.Build.0 = Debug|Any CPU
		{A7C9A24D-E19B-42F5-A298-805A489334EF}.DVD-5|Any CPU.ActiveCfg = Debug|Any CPU
		{A7C9A24D-E19B-42F5-A298-805A489334EF}.DVD-5|Any CPU.Build.0 = Debug|Any CPU
		{A7C9A24D-E19B-42F5-A298-805A489334EF}.Release|Any CPU.ActiveCfg = Release|Any CPU
		{A7C9A24D-E19B-42F5-A298-805A489334EF}.Release|Any CPU.Build.0 = Release|Any CPU
		{A7C9A24D-E19B-42F5-A298-805A489334EF}.SingleImage|Any CPU.ActiveCfg = Release|Any CPU
		{A7C9A24D-E19B-42F5-A298-805A489334EF}.SingleImage|Any CPU.Build.0 = Release|Any CPU
		{C04F3302-E4A7-4E1E-98EA-7623845231AF}.CD_ROM|Any CPU.ActiveCfg = Release|Any CPU
		{C04F3302-E4A7-4E1E-98EA-7623845231AF}.CD_ROM|Any CPU.Build.0 = Release|Any CPU
		{C04F3302-E4A7-4E1E-98EA-7623845231AF}.Debug|Any CPU.ActiveCfg = Debug|Any CPU
		{C04F3302-E4A7-4E1E-98EA-7623845231AF}.Debug|Any CPU.Build.0 = Debug|Any CPU
		{C04F3302-E4A7-4E1E-98EA-7623845231AF}.DVD-5|Any CPU.ActiveCfg = Debug|Any CPU
		{C04F3302-E4A7-4E1E-98EA-7623845231AF}.DVD-5|Any CPU.Build.0 = Debug|Any CPU
		{C04F3302-E4A7-4E1E-98EA-7623845231AF}.Release|Any CPU.ActiveCfg = Release|Any CPU
		{C04F3302-E4A7-4E1E-98EA-7623845231AF}.Release|Any CPU.Build.0 = Release|Any CPU
		{C04F3302-E4A7-4E1E-98EA-7623845231AF}.SingleImage|Any CPU.ActiveCfg = Release|Any CPU
		{C04F3302-E4A7-4E1E-98EA-7623845231AF}.SingleImage|Any CPU.Build.0 = Release|Any CPU
		{45BC4B7B-9C16-4766-AEF6-5F77EE3BBB81}.CD_ROM|Any CPU.ActiveCfg = Release|Any CPU
		{45BC4B7B-9C16-4766-AEF6-5F77EE3BBB81}.CD_ROM|Any CPU.Build.0 = Release|Any CPU
		{45BC4B7B-9C16-4766-AEF6-5F77EE3BBB81}.Debug|Any CPU.ActiveCfg = Debug|Any CPU
		{45BC4B7B-9C16-4766-AEF6-5F77EE3BBB81}.Debug|Any CPU.Build.0 = Debug|Any CPU
		{45BC4B7B-9C16-4766-AEF6-5F77EE3BBB81}.DVD-5|Any CPU.ActiveCfg = Debug|Any CPU
		{45BC4B7B-9C16-4766-AEF6-5F77EE3BBB81}.DVD-5|Any CPU.Build.0 = Debug|Any CPU
		{45BC4B7B-9C16-4766-AEF6-5F77EE3BBB81}.Release|Any CPU.ActiveCfg = Release|Any CPU
		{45BC4B7B-9C16-4766-AEF6-5F77EE3BBB81}.Release|Any CPU.Build.0 = Release|Any CPU
		{45BC4B7B-9C16-4766-AEF6-5F77EE3BBB81}.SingleImage|Any CPU.ActiveCfg = Release|Any CPU
		{45BC4B7B-9C16-4766-AEF6-5F77EE3BBB81}.SingleImage|Any CPU.Build.0 = Release|Any CPU
		{5764320D-6E13-4BFB-96B5-B76980165E1F}.CD_ROM|Any CPU.ActiveCfg = CD_ROM
		{5764320D-6E13-4BFB-96B5-B76980165E1F}.CD_ROM|Any CPU.Build.0 = CD_ROM
		{5764320D-6E13-4BFB-96B5-B76980165E1F}.Debug|Any CPU.ActiveCfg = SingleImage
		{5764320D-6E13-4BFB-96B5-B76980165E1F}.DVD-5|Any CPU.ActiveCfg = DVD-5
		{5764320D-6E13-4BFB-96B5-B76980165E1F}.DVD-5|Any CPU.Build.0 = DVD-5
		{5764320D-6E13-4BFB-96B5-B76980165E1F}.Release|Any CPU.ActiveCfg = SingleImage
		{5764320D-6E13-4BFB-96B5-B76980165E1F}.Release|Any CPU.Build.0 = SingleImage
		{5764320D-6E13-4BFB-96B5-B76980165E1F}.SingleImage|Any CPU.ActiveCfg = SingleImage
		{5764320D-6E13-4BFB-96B5-B76980165E1F}.SingleImage|Any CPU.Build.0 = SingleImage
		{B7EE4942-3884-4631-A573-70E400CF17A2}.CD_ROM|Any CPU.ActiveCfg = Release|Any CPU
		{B7EE4942-3884-4631-A573-70E400CF17A2}.CD_ROM|Any CPU.Build.0 = Release|Any CPU
		{B7EE4942-3884-4631-A573-70E400CF17A2}.Debug|Any CPU.ActiveCfg = Debug|Any CPU
		{B7EE4942-3884-4631-A573-70E400CF17A2}.Debug|Any CPU.Build.0 = Debug|Any CPU
		{B7EE4942-3884-4631-A573-70E400CF17A2}.DVD-5|Any CPU.ActiveCfg = Debug|Any CPU
		{B7EE4942-3884-4631-A573-70E400CF17A2}.DVD-5|Any CPU.Build.0 = Debug|Any CPU
		{B7EE4942-3884-4631-A573-70E400CF17A2}.Release|Any CPU.ActiveCfg = Release|Any CPU
		{B7EE4942-3884-4631-A573-70E400CF17A2}.Release|Any CPU.Build.0 = Release|Any CPU
		{B7EE4942-3884-4631-A573-70E400CF17A2}.SingleImage|Any CPU.ActiveCfg = Release|Any CPU
		{B7EE4942-3884-4631-A573-70E400CF17A2}.SingleImage|Any CPU.Build.0 = Release|Any CPU
	EndGlobalSection
	GlobalSection(SolutionProperties) = preSolution
		HideSolutionNode = FALSE
	EndGlobalSection
EndGlobal
